
Microsoft Visual Studio Solution File, Format Version 12.00
# Visual Studio 2013
VisualStudioVersion = 12.0.31101.0
MinimumVisualStudioVersion = 10.0.40219.1
Project("{FAE04EC0-301F-11D3-BF4B-00C04F79EFBC}") = "BookEntity", "BookEntity\BookEntity\BookEntity.csproj", "{DDB4E6EF-94DF-47F9-BBAF-A00D20FCC56E}"
EndProject
Project("{FAE04EC0-301F-11D3-BF4B-00C04F79EFBC}") = "BookExtractor", "BookExtractor\BookExtractor.csproj", "{9FB38250-4B54-4C5E-8A25-3750579C904B}"
EndProject
Project("{FAE04EC0-301F-11D3-BF4B-00C04F79EFBC}") = "GenresList", "GenresList\GenresList\GenresList.csproj", "{C18C6DB7-6EF1-412E-A59D-1E14C7CC750B}"
EndProject
Project("{FAE04EC0-301F-11D3-BF4B-00C04F79EFBC}") = "InpxImport", "InpxImport\InpxImport\InpxImport.csproj", "{115CCF7D-60A9-4BBC-A33D-7A8962FFC994}"
EndProject
Project("{FAE04EC0-301F-11D3-BF4B-00C04F79EFBC}") = "MetadataDB", "MetadataDB\MetadataDB.csproj", "{5BAC6D67-7FC9-4E3D-95E5-F2B8CE2137F7}"
EndProject
Project("{FAE04EC0-301F-11D3-BF4B-00C04F79EFBC}") = "testDBMetadata", "test\testDBMetadata\testDBMetadata.csproj", "{9BD1EC28-9CF9-4BF3-BE98-B922B9BD6566}"
EndProject
Project("{FAE04EC0-301F-11D3-BF4B-00C04F79EFBC}") = "testExtractor", "test\testExtractor\testExtractor.csproj", "{AF917B1A-DD12-4875-8438-717AD5DE9302}"
EndProject
Project("{FAE04EC0-301F-11D3-BF4B-00C04F79EFBC}") = "testImportInpxAndGenresList", "test\testImportInpxAndGenresList\testImportInpxAndGenresList.csproj", "{C86527DE-3A50-4745-A6D8-460A6F6784C9}"
EndProject
Project("{FAE04EC0-301F-11D3-BF4B-00C04F79EFBC}") = "WCFServiceLibrary", "WCFServiceLibrary\WCFServiceLibrary.csproj", "{1B37298A-6CF1-429E-AECB-17FB091129E5}"
	ProjectSection(ProjectDependencies) = postProject
		{DDB4E6EF-94DF-47F9-BBAF-A00D20FCC56E} = {DDB4E6EF-94DF-47F9-BBAF-A00D20FCC56E}
	EndProjectSection
EndProject
Project("{FAE04EC0-301F-11D3-BF4B-00C04F79EFBC}") = "INetLibServiceHost", "INetLibServiceHost\INetLibServiceHost.csproj", "{9476CA0A-27EC-4A8D-BB46-36C9E09B312E}"
	ProjectSection(ProjectDependencies) = postProject
		{1B37298A-6CF1-429E-AECB-17FB091129E5} = {1B37298A-6CF1-429E-AECB-17FB091129E5}
	EndProjectSection
EndProject
Project("{FAE04EC0-301F-11D3-BF4B-00C04F79EFBC}") = "testWCFService", "test\testWCFService\testWCFService.csproj", "{68BDACBA-0920-4ADA-B262-AD92399AACEF}"
	ProjectSection(ProjectDependencies) = postProject
		{DDB4E6EF-94DF-47F9-BBAF-A00D20FCC56E} = {DDB4E6EF-94DF-47F9-BBAF-A00D20FCC56E}
	EndProjectSection
EndProject
Project("{FAE04EC0-301F-11D3-BF4B-00C04F79EFBC}") = "INetLibClient", "INetLibClient\INetLibClient.csproj", "{8A6470C4-A63E-47BF-8641-61E50225F353}"
EndProject
Project("{6141683F-8A12-4E36-9623-2EB02B2C2303}") = "INetLibSetup", "INetLibSetup\INetLibSetup.isproj", "{5065F1FD-B191-42A2-B854-E62F1BE4AC42}"
	ProjectSection(ProjectDependencies) = postProject
		{8A6470C4-A63E-47BF-8641-61E50225F353} = {8A6470C4-A63E-47BF-8641-61E50225F353}
	EndProjectSection
EndProject
Global
	GlobalSection(SolutionConfigurationPlatforms) = preSolution
		CD_ROM|Any CPU = CD_ROM|Any CPU
		Debug|Any CPU = Debug|Any CPU
		DVD-5|Any CPU = DVD-5|Any CPU
		Release|Any CPU = Release|Any CPU
		SingleImage|Any CPU = SingleImage|Any CPU
	EndGlobalSection
	GlobalSection(ProjectConfigurationPlatforms) = postSolution
		{DDB4E6EF-94DF-47F9-BBAF-A00D20FCC56E}.CD_ROM|Any CPU.ActiveCfg = Release|Any CPU
		{DDB4E6EF-94DF-47F9-BBAF-A00D20FCC56E}.CD_ROM|Any CPU.Build.0 = Release|Any CPU
		{DDB4E6EF-94DF-47F9-BBAF-A00D20FCC56E}.Debug|Any CPU.ActiveCfg = Debug|Any CPU
		{DDB4E6EF-94DF-47F9-BBAF-A00D20FCC56E}.Debug|Any CPU.Build.0 = Debug|Any CPU
		{DDB4E6EF-94DF-47F9-BBAF-A00D20FCC56E}.DVD-5|Any CPU.ActiveCfg = Debug|Any CPU
		{DDB4E6EF-94DF-47F9-BBAF-A00D20FCC56E}.DVD-5|Any CPU.Build.0 = Debug|Any CPU
		{DDB4E6EF-94DF-47F9-BBAF-A00D20FCC56E}.Release|Any CPU.ActiveCfg = Release|Any CPU
		{DDB4E6EF-94DF-47F9-BBAF-A00D20FCC56E}.Release|Any CPU.Build.0 = Release|Any CPU
		{DDB4E6EF-94DF-47F9-BBAF-A00D20FCC56E}.SingleImage|Any CPU.ActiveCfg = Release|Any CPU
		{DDB4E6EF-94DF-47F9-BBAF-A00D20FCC56E}.SingleImage|Any CPU.Build.0 = Release|Any CPU
		{9FB38250-4B54-4C5E-8A25-3750579C904B}.CD_ROM|Any CPU.ActiveCfg = Release|Any CPU
		{9FB38250-4B54-4C5E-8A25-3750579C904B}.CD_ROM|Any CPU.Build.0 = Release|Any CPU
		{9FB38250-4B54-4C5E-8A25-3750579C904B}.Debug|Any CPU.ActiveCfg = Debug|Any CPU
		{9FB38250-4B54-4C5E-8A25-3750579C904B}.Debug|Any CPU.Build.0 = Debug|Any CPU
		{9FB38250-4B54-4C5E-8A25-3750579C904B}.DVD-5|Any CPU.ActiveCfg = Debug|Any CPU
		{9FB38250-4B54-4C5E-8A25-3750579C904B}.DVD-5|Any CPU.Build.0 = Debug|Any CPU
		{9FB38250-4B54-4C5E-8A25-3750579C904B}.Release|Any CPU.ActiveCfg = Release|Any CPU
		{9FB38250-4B54-4C5E-8A25-3750579C904B}.Release|Any CPU.Build.0 = Release|Any CPU
		{9FB38250-4B54-4C5E-8A25-3750579C904B}.SingleImage|Any CPU.ActiveCfg = Release|Any CPU
		{9FB38250-4B54-4C5E-8A25-3750579C904B}.SingleImage|Any CPU.Build.0 = Release|Any CPU
		{C18C6DB7-6EF1-412E-A59D-1E14C7CC750B}.CD_ROM|Any CPU.ActiveCfg = Release|Any CPU
		{C18C6DB7-6EF1-412E-A59D-1E14C7CC750B}.CD_ROM|Any CPU.Build.0 = Release|Any CPU
		{C18C6DB7-6EF1-412E-A59D-1E14C7CC750B}.Debug|Any CPU.ActiveCfg = Debug|Any CPU
		{C18C6DB7-6EF1-412E-A59D-1E14C7CC750B}.Debug|Any CPU.Build.0 = Debug|Any CPU
		{C18C6DB7-6EF1-412E-A59D-1E14C7CC750B}.DVD-5|Any CPU.ActiveCfg = Debug|Any CPU
		{C18C6DB7-6EF1-412E-A59D-1E14C7CC750B}.DVD-5|Any CPU.Build.0 = Debug|Any CPU
		{C18C6DB7-6EF1-412E-A59D-1E14C7CC750B}.Release|Any CPU.ActiveCfg = Release|Any CPU
		{C18C6DB7-6EF1-412E-A59D-1E14C7CC750B}.Release|Any CPU.Build.0 = Release|Any CPU
		{C18C6DB7-6EF1-412E-A59D-1E14C7CC750B}.SingleImage|Any CPU.ActiveCfg = Release|Any CPU
		{C18C6DB7-6EF1-412E-A59D-1E14C7CC750B}.SingleImage|Any CPU.Build.0 = Release|Any CPU
		{115CCF7D-60A9-4BBC-A33D-7A8962FFC994}.CD_ROM|Any CPU.ActiveCfg = Release|Any CPU
		{115CCF7D-60A9-4BBC-A33D-7A8962FFC994}.CD_ROM|Any CPU.Build.0 = Release|Any CPU
		{115CCF7D-60A9-4BBC-A33D-7A8962FFC994}.Debug|Any CPU.ActiveCfg = Debug|Any CPU
		{115CCF7D-60A9-4BBC-A33D-7A8962FFC994}.Debug|Any CPU.Build.0 = Debug|Any CPU
		{115CCF7D-60A9-4BBC-A33D-7A8962FFC994}.DVD-5|Any CPU.ActiveCfg = Debug|Any CPU
		{115CCF7D-60A9-4BBC-A33D-7A8962FFC994}.DVD-5|Any CPU.Build.0 = Debug|Any CPU
		{115CCF7D-60A9-4BBC-A33D-7A8962FFC994}.Release|Any CPU.ActiveCfg = Release|Any CPU
		{115CCF7D-60A9-4BBC-A33D-7A8962FFC994}.Release|Any CPU.Build.0 = Release|Any CPU
		{115CCF7D-60A9-4BBC-A33D-7A8962FFC994}.SingleImage|Any CPU.ActiveCfg = Release|Any CPU
		{115CCF7D-60A9-4BBC-A33D-7A8962FFC994}.SingleImage|Any CPU.Build.0 = Release|Any CPU
		{5BAC6D67-7FC9-4E3D-95E5-F2B8CE2137F7}.CD_ROM|Any CPU.ActiveCfg = Release|Any CPU
		{5BAC6D67-7FC9-4E3D-95E5-F2B8CE2137F7}.CD_ROM|Any CPU.Build.0 = Release|Any CPU
		{5BAC6D67-7FC9-4E3D-95E5-F2B8CE2137F7}.Debug|Any CPU.ActiveCfg = Debug|Any CPU
		{5BAC6D67-7FC9-4E3D-95E5-F2B8CE2137F7}.Debug|Any CPU.Build.0 = Debug|Any CPU
		{5BAC6D67-7FC9-4E3D-95E5-F2B8CE2137F7}.DVD-5|Any CPU.ActiveCfg = Debug|Any CPU
		{5BAC6D67-7FC9-4E3D-95E5-F2B8CE2137F7}.DVD-5|Any CPU.Build.0 = Debug|Any CPU
		{5BAC6D67-7FC9-4E3D-95E5-F2B8CE2137F7}.Release|Any CPU.ActiveCfg = Release|Any CPU
		{5BAC6D67-7FC9-4E3D-95E5-F2B8CE2137F7}.Release|Any CPU.Build.0 = Release|Any CPU
		{5BAC6D67-7FC9-4E3D-95E5-F2B8CE2137F7}.SingleImage|Any CPU.ActiveCfg = Release|Any CPU
		{5BAC6D67-7FC9-4E3D-95E5-F2B8CE2137F7}.SingleImage|Any CPU.Build.0 = Release|Any CPU
		{9BD1EC28-9CF9-4BF3-BE98-B922B9BD6566}.CD_ROM|Any CPU.ActiveCfg = Release|Any CPU
		{9BD1EC28-9CF9-4BF3-BE98-B922B9BD6566}.CD_ROM|Any CPU.Build.0 = Release|Any CPU
		{9BD1EC28-9CF9-4BF3-BE98-B922B9BD6566}.Debug|Any CPU.ActiveCfg = Debug|Any CPU
		{9BD1EC28-9CF9-4BF3-BE98-B922B9BD6566}.Debug|Any CPU.Build.0 = Debug|Any CPU
		{9BD1EC28-9CF9-4BF3-BE98-B922B9BD6566}.DVD-5|Any CPU.ActiveCfg = Debug|Any CPU
		{9BD1EC28-9CF9-4BF3-BE98-B922B9BD6566}.DVD-5|Any CPU.Build.0 = Debug|Any CPU
		{9BD1EC28-9CF9-4BF3-BE98-B922B9BD6566}.Release|Any CPU.ActiveCfg = Release|Any CPU
		{9BD1EC28-9CF9-4BF3-BE98-B922B9BD6566}.Release|Any CPU.Build.0 = Release|Any CPU
		{9BD1EC28-9CF9-4BF3-BE98-B922B9BD6566}.SingleImage|Any CPU.ActiveCfg = Release|Any CPU
		{9BD1EC28-9CF9-4BF3-BE98-B922B9BD6566}.SingleImage|Any CPU.Build.0 = Release|Any CPU
		{AF917B1A-DD12-4875-8438-717AD5DE9302}.CD_ROM|Any CPU.ActiveCfg = Release|Any CPU
		{AF917B1A-DD12-4875-8438-717AD5DE9302}.CD_ROM|Any CPU.Build.0 = Release|Any CPU
		{AF917B1A-DD12-4875-8438-717AD5DE9302}.Debug|Any CPU.ActiveCfg = Debug|Any CPU
		{AF917B1A-DD12-4875-8438-717AD5DE9302}.Debug|Any CPU.Build.0 = Debug|Any CPU
		{AF917B1A-DD12-4875-8438-717AD5DE9302}.DVD-5|Any CPU.ActiveCfg = Debug|Any CPU
		{AF917B1A-DD12-4875-8438-717AD5DE9302}.DVD-5|Any CPU.Build.0 = Debug|Any CPU
		{AF917B1A-DD12-4875-8438-717AD5DE9302}.Release|Any CPU.ActiveCfg = Release|Any CPU
		{AF917B1A-DD12-4875-8438-717AD5DE9302}.Release|Any CPU.Build.0 = Release|Any CPU
		{AF917B1A-DD12-4875-8438-717AD5DE9302}.SingleImage|Any CPU.ActiveCfg = Release|Any CPU
		{AF917B1A-DD12-4875-8438-717AD5DE9302}.SingleImage|Any CPU.Build.0 = Release|Any CPU
		{C86527DE-3A50-4745-A6D8-460A6F6784C9}.CD_ROM|Any CPU.ActiveCfg = Release|Any CPU
		{C86527DE-3A50-4745-A6D8-460A6F6784C9}.CD_ROM|Any CPU.Build.0 = Release|Any CPU
		{C86527DE-3A50-4745-A6D8-460A6F6784C9}.Debug|Any CPU.ActiveCfg = Debug|Any CPU
		{C86527DE-3A50-4745-A6D8-460A6F6784C9}.Debug|Any CPU.Build.0 = Debug|Any CPU
		{C86527DE-3A50-4745-A6D8-460A6F6784C9}.DVD-5|Any CPU.ActiveCfg = Debug|Any CPU
		{C86527DE-3A50-4745-A6D8-460A6F6784C9}.DVD-5|Any CPU.Build.0 = Debug|Any CPU
		{C86527DE-3A50-4745-A6D8-460A6F6784C9}.Release|Any CPU.ActiveCfg = Release|Any CPU
		{C86527DE-3A50-4745-A6D8-460A6F6784C9}.Release|Any CPU.Build.0 = Release|Any CPU
		{C86527DE-3A50-4745-A6D8-460A6F6784C9}.SingleImage|Any CPU.ActiveCfg = Release|Any CPU
		{C86527DE-3A50-4745-A6D8-460A6F6784C9}.SingleImage|Any CPU.Build.0 = Release|Any CPU
		{1B37298A-6CF1-429E-AECB-17FB091129E5}.CD_ROM|Any CPU.ActiveCfg = Release|Any CPU
		{1B37298A-6CF1-429E-AECB-17FB091129E5}.CD_ROM|Any CPU.Build.0 = Release|Any CPU
		{1B37298A-6CF1-429E-AECB-17FB091129E5}.Debug|Any CPU.ActiveCfg = Debug|Any CPU
		{1B37298A-6CF1-429E-AECB-17FB091129E5}.Debug|Any CPU.Build.0 = Debug|Any CPU
		{1B37298A-6CF1-429E-AECB-17FB091129E5}.DVD-5|Any CPU.ActiveCfg = Debug|Any CPU
		{1B37298A-6CF1-429E-AECB-17FB091129E5}.DVD-5|Any CPU.Build.0 = Debug|Any CPU
		{1B37298A-6CF1-429E-AECB-17FB091129E5}.Release|Any CPU.ActiveCfg = Release|Any CPU
		{1B37298A-6CF1-429E-AECB-17FB091129E5}.Release|Any CPU.Build.0 = Release|Any CPU
		{1B37298A-6CF1-429E-AECB-17FB091129E5}.SingleImage|Any CPU.ActiveCfg = Release|Any CPU
		{1B37298A-6CF1-429E-AECB-17FB091129E5}.SingleImage|Any CPU.Build.0 = Release|Any CPU
		{9476CA0A-27EC-4A8D-BB46-36C9E09B312E}.CD_ROM|Any CPU.ActiveCfg = Release|Any CPU
		{9476CA0A-27EC-4A8D-BB46-36C9E09B312E}.CD_ROM|Any CPU.Build.0 = Release|Any CPU
		{9476CA0A-27EC-4A8D-BB46-36C9E09B312E}.Debug|Any CPU.ActiveCfg = Debug|Any CPU
		{9476CA0A-27EC-4A8D-BB46-36C9E09B312E}.Debug|Any CPU.Build.0 = Debug|Any CPU
		{9476CA0A-27EC-4A8D-BB46-36C9E09B312E}.DVD-5|Any CPU.ActiveCfg = Debug|Any CPU
		{9476CA0A-27EC-4A8D-BB46-36C9E09B312E}.DVD-5|Any CPU.Build.0 = Debug|Any CPU
		{9476CA0A-27EC-4A8D-BB46-36C9E09B312E}.Release|Any CPU.ActiveCfg = Release|Any CPU
		{9476CA0A-27EC-4A8D-BB46-36C9E09B312E}.Release|Any CPU.Build.0 = Release|Any CPU
		{9476CA0A-27EC-4A8D-BB46-36C9E09B312E}.SingleImage|Any CPU.ActiveCfg = Release|Any CPU
		{9476CA0A-27EC-4A8D-BB46-36C9E09B312E}.SingleImage|Any CPU.Build.0 = Release|Any CPU
		{68BDACBA-0920-4ADA-B262-AD92399AACEF}.CD_ROM|Any CPU.ActiveCfg = Release|Any CPU
		{68BDACBA-0920-4ADA-B262-AD92399AACEF}.CD_ROM|Any CPU.Build.0 = Release|Any CPU
		{68BDACBA-0920-4ADA-B262-AD92399AACEF}.Debug|Any CPU.ActiveCfg = Debug|Any CPU
		{68BDACBA-0920-4ADA-B262-AD92399AACEF}.Debug|Any CPU.Build.0 = Debug|Any CPU
		{68BDACBA-0920-4ADA-B262-AD92399AACEF}.DVD-5|Any CPU.ActiveCfg = Debug|Any CPU
		{68BDACBA-0920-4ADA-B262-AD92399AACEF}.DVD-5|Any CPU.Build.0 = Debug|Any CPU
		{68BDACBA-0920-4ADA-B262-AD92399AACEF}.Release|Any CPU.ActiveCfg = Release|Any CPU
		{68BDACBA-0920-4ADA-B262-AD92399AACEF}.Release|Any CPU.Build.0 = Release|Any CPU
		{68BDACBA-0920-4ADA-B262-AD92399AACEF}.SingleImage|Any CPU.ActiveCfg = Release|Any CPU
		{68BDACBA-0920-4ADA-B262-AD92399AACEF}.SingleImage|Any CPU.Build.0 = Release|Any CPU
		{8A6470C4-A63E-47BF-8641-61E50225F353}.CD_ROM|Any CPU.ActiveCfg = Release|Any CPU
		{8A6470C4-A63E-47BF-8641-61E50225F353}.CD_ROM|Any CPU.Build.0 = Release|Any CPU
		{8A6470C4-A63E-47BF-8641-61E50225F353}.Debug|Any CPU.ActiveCfg = Debug|Any CPU
		{8A6470C4-A63E-47BF-8641-61E50225F353}.Debug|Any CPU.Build.0 = Debug|Any CPU
		{8A6470C4-A63E-47BF-8641-61E50225F353}.DVD-5|Any CPU.ActiveCfg = Debug|Any CPU
		{8A6470C4-A63E-47BF-8641-61E50225F353}.DVD-5|Any CPU.Build.0 = Debug|Any CPU
		{8A6470C4-A63E-47BF-8641-61E50225F353}.Release|Any CPU.ActiveCfg = Release|Any CPU
		{8A6470C4-A63E-47BF-8641-61E50225F353}.Release|Any CPU.Build.0 = Release|Any CPU
		{8A6470C4-A63E-47BF-8641-61E50225F353}.SingleImage|Any CPU.ActiveCfg = Release|Any CPU
		{8A6470C4-A63E-47BF-8641-61E50225F353}.SingleImage|Any CPU.Build.0 = Release|Any CPU
		{5065F1FD-B191-42A2-B854-E62F1BE4AC42}.CD_ROM|Any CPU.ActiveCfg = CD_ROM
		{5065F1FD-B191-42A2-B854-E62F1BE4AC42}.CD_ROM|Any CPU.Build.0 = CD_ROM
		{5065F1FD-B191-42A2-B854-E62F1BE4AC42}.Debug|Any CPU.ActiveCfg = DVD-5
		{5065F1FD-B191-42A2-B854-E62F1BE4AC42}.Debug|Any CPU.Build.0 = DVD-5
		{5065F1FD-B191-42A2-B854-E62F1BE4AC42}.DVD-5|Any CPU.ActiveCfg = DVD-5
		{5065F1FD-B191-42A2-B854-E62F1BE4AC42}.DVD-5|Any CPU.Build.0 = DVD-5
		{5065F1FD-B191-42A2-B854-E62F1BE4AC42}.Release|Any CPU.ActiveCfg = SingleImage
		{5065F1FD-B191-42A2-B854-E62F1BE4AC42}.Release|Any CPU.Build.0 = SingleImage
		{5065F1FD-B191-42A2-B854-E62F1BE4AC42}.SingleImage|Any CPU.ActiveCfg = SingleImage
		{5065F1FD-B191-42A2-B854-E62F1BE4AC42}.SingleImage|Any CPU.Build.0 = SingleImage
	EndGlobalSection
	GlobalSection(SolutionProperties) = preSolution
		HideSolutionNode = FALSE
	EndGlobalSection
EndGlobal
